
Microsoft Visual Studio Solution File, Format Version 12.00
# Visual Studio 15
VisualStudioVersion = 15.0.27428.2005
MinimumVisualStudioVersion = 10.0.40219.1
Project("{FAE04EC0-301F-11D3-BF4B-00C04F79EFBC}") = "Pricelist Portal Khantil Anton 43650", "Pricelist Portal Khantil Anton 43650\Pricelist Portal Khantil Anton 43650.csproj", "{71E81EB0-41C4-4E49-9CE3-1D6288176CD5}"
EndProject
Global
	GlobalSection(SolutionConfigurationPlatforms) = preSolution
		Debug|Any CPU = Debug|Any CPU
		Release|Any CPU = Release|Any CPU
	EndGlobalSection
	GlobalSection(ProjectConfigurationPlatforms) = postSolution
		{71E81EB0-41C4-4E49-9CE3-1D6288176CD5}.Debug|Any CPU.ActiveCfg = Debug|Any CPU
		{71E81EB0-41C4-4E49-9CE3-1D6288176CD5}.Debug|Any CPU.Build.0 = Debug|Any CPU
		{71E81EB0-41C4-4E49-9CE3-1D6288176CD5}.Release|Any CPU.ActiveCfg = Release|Any CPU
		{71E81EB0-41C4-4E49-9CE3-1D6288176CD5}.Release|Any CPU.Build.0 = Release|Any CPU
	EndGlobalSection
	GlobalSection(SolutionProperties) = preSolution
		HideSolutionNode = FALSE
	EndGlobalSection
	GlobalSection(ExtensibilityGlobals) = postSolution
		SolutionGuid = {ADC1DD29-6962-4117-A7C8-F086804FEB5B}
	EndGlobalSection
EndGlobal
